
Microsoft Visual Studio Solution File, Format Version 12.00
# Visual Studio Version 17
VisualStudioVersion = 17.0.31903.59
MinimumVisualStudioVersion = 10.0.40219.1
Project("{2150E333-8FDC-42A3-9474-1A3956D46DE8}") = "src", "src", "{728833EC-246F-4262-9A16-723B96BC1BFF}"
EndProject
Project("{FAE04EC0-301F-11D3-BF4B-00C04F79EFBC}") = "MIDIFlux.Core", "src\MIDIFlux.Core\MIDIFlux.Core.csproj", "{BE000F01-F9B6-43D9-A22A-D838402244A4}"
EndProject
Project("{FAE04EC0-301F-11D3-BF4B-00C04F79EFBC}") = "MIDIFlux.App", "src\MIDIFlux.App\MIDIFlux.App.csproj", "{95C74376-0278-4AD4-B639-275483CBA448}"
EndProject
Project("{FAE04EC0-301F-11D3-BF4B-00C04F79EFBC}") = "MIDIFlux.GUI", "src\MIDIFlux.GUI\MIDIFlux.GUI.csproj", "{442C5AF7-3A50-442A-A13E-B422D8D5CC95}"
EndProject
Project("{FAE04EC0-301F-11D3-BF4B-00C04F79EFBC}") = "MIDIFlux.Core.Tests", "src\MIDIFlux.Core.Tests\MIDIFlux.Core.Tests.csproj", "{A1B2C3D4-E5F6-7890-ABCD-EF1234567890}"
EndProject
Global
	GlobalSection(SolutionConfigurationPlatforms) = preSolution
		Debug|Any CPU = Debug|Any CPU
		Release|Any CPU = Release|Any CPU
	EndGlobalSection
	GlobalSection(SolutionProperties) = preSolution
		HideSolutionNode = FALSE
	EndGlobalSection
	GlobalSection(ProjectConfigurationPlatforms) = postSolution
		{BE000F01-F9B6-43D9-A22A-D838402244A4}.Debug|Any CPU.ActiveCfg = Debug|Any CPU
		{BE000F01-F9B6-43D9-A22A-D838402244A4}.Debug|Any CPU.Build.0 = Debug|Any CPU
		{BE000F01-F9B6-43D9-A22A-D838402244A4}.Release|Any CPU.ActiveCfg = Release|Any CPU
		{BE000F01-F9B6-43D9-A22A-D838402244A4}.Release|Any CPU.Build.0 = Release|Any CPU
		{95C74376-0278-4AD4-B639-275483CBA448}.Debug|Any CPU.ActiveCfg = Debug|Any CPU
		{95C74376-0278-4AD4-B639-275483CBA448}.Debug|Any CPU.Build.0 = Debug|Any CPU
		{95C74376-0278-4AD4-B639-275483CBA448}.Release|Any CPU.ActiveCfg = Release|Any CPU
		{95C74376-0278-4AD4-B639-275483CBA448}.Release|Any CPU.Build.0 = Release|Any CPU
		{442C5AF7-3A50-442A-A13E-B422D8D5CC95}.Debug|Any CPU.ActiveCfg = Debug|Any CPU
		{442C5AF7-3A50-442A-A13E-B422D8D5CC95}.Debug|Any CPU.Build.0 = Debug|Any CPU
		{442C5AF7-3A50-442A-A13E-B422D8D5CC95}.Release|Any CPU.ActiveCfg = Release|Any CPU
		{442C5AF7-3A50-442A-A13E-B422D8D5CC95}.Release|Any CPU.Build.0 = Release|Any CPU
		{A1B2C3D4-E5F6-7890-ABCD-EF1234567890}.Debug|Any CPU.ActiveCfg = Debug|Any CPU
		{A1B2C3D4-E5F6-7890-ABCD-EF1234567890}.Debug|Any CPU.Build.0 = Debug|Any CPU
		{A1B2C3D4-E5F6-7890-ABCD-EF1234567890}.Release|Any CPU.ActiveCfg = Release|Any CPU
		{A1B2C3D4-E5F6-7890-ABCD-EF1234567890}.Release|Any CPU.Build.0 = Release|Any CPU
	EndGlobalSection
	GlobalSection(NestedProjects) = preSolution
		{BE000F01-F9B6-43D9-A22A-D838402244A4} = {728833EC-246F-4262-9A16-723B96BC1BFF}
		{95C74376-0278-4AD4-B639-275483CBA448} = {728833EC-246F-4262-9A16-723B96BC1BFF}
		{442C5AF7-3A50-442A-A13E-B422D8D5CC95} = {728833EC-246F-4262-9A16-723B96BC1BFF}
		{A1B2C3D4-E5F6-7890-ABCD-EF1234567890} = {728833EC-246F-4262-9A16-723B96BC1BFF}
	EndGlobalSection
EndGlobal
